
Microsoft Visual Studio Solution File, Format Version 12.00
# Visual Studio Version 16
VisualStudioVersion = 16.0.30711.63
MinimumVisualStudioVersion = 10.0.40219.1
Project("{FAE04EC0-301F-11D3-BF4B-00C04F79EFBC}") = "MLNET_Cluster_Country Data", "MLNET_Cluster_Country Data.csproj", "{BDA47C9B-3EFD-4B8F-85D7-9F5A3B5F902E}"
EndProject
Global
	GlobalSection(SolutionConfigurationPlatforms) = preSolution
		Debug|Any CPU = Debug|Any CPU
		Release|Any CPU = Release|Any CPU
	EndGlobalSection
	GlobalSection(ProjectConfigurationPlatforms) = postSolution
		{BDA47C9B-3EFD-4B8F-85D7-9F5A3B5F902E}.Debug|Any CPU.ActiveCfg = Debug|Any CPU
		{BDA47C9B-3EFD-4B8F-85D7-9F5A3B5F902E}.Debug|Any CPU.Build.0 = Debug|Any CPU
		{BDA47C9B-3EFD-4B8F-85D7-9F5A3B5F902E}.Release|Any CPU.ActiveCfg = Release|Any CPU
		{BDA47C9B-3EFD-4B8F-85D7-9F5A3B5F902E}.Release|Any CPU.Build.0 = Release|Any CPU
	EndGlobalSection
	GlobalSection(SolutionProperties) = preSolution
		HideSolutionNode = FALSE
	EndGlobalSection
	GlobalSection(ExtensibilityGlobals) = postSolution
		SolutionGuid = {A6D564BE-251A-47CA-A663-A3CDE4536A96}
	EndGlobalSection
EndGlobal
